# This file is autogenerated, do not edit; changes may be undone by the next 'dep ensure'.


[[projects]]
  branch = "master"
  name = "github.com/anmitsu/go-shlex"
  packages = ["."]
  revision = "648efa622239a2f6ff949fed78ee37b48d499ba4"

[[projects]]
  name = "github.com/flosch/pongo2"
  packages = ["."]
  revision = "5e81b817a0c48c1c57cdf1a9056cf76bdee02ca9"
  version = "v3.0"

[[projects]]
  branch = "v2"
  name = "gopkg.in/yaml.v2"
  packages = ["."]
  revision = "287cf08546ab5e7e37d55a84f7ed3fd1db036de5"

[solve-meta]
  analyzer-name = "dep"
  analyzer-version = 1
  inputs-digest = "5ee8385086174cdf2ebe8370bc5801952e4381f32f5016a38af8be5758d2a7ed"
  solver-name = "gps-cdcl"
  solver-version = 1
